
Microsoft Visual Studio Solution File, Format Version 12.00
# Visual Studio Version 17
VisualStudioVersion = 17.0.31903.59
MinimumVisualStudioVersion = 10.0.40219.1
Project("{2150E333-8FDC-42A3-9474-1A3956D46DE8}") = "src", "src", "{827E0CD3-B72D-47B6-A68D-7590B98EB39B}"
EndProject
Project("{FAE04EC0-301F-11D3-BF4B-00C04F79EFBC}") = "Api", "src\Api\Api.csproj", "{770ACAFA-D723-46FB-BFBD-A233AA1A43AA}"
EndProject
Project("{FAE04EC0-301F-11D3-BF4B-00C04F79EFBC}") = "Application", "src\Application\Application.csproj", "{31179ECF-2B68-4211-A439-59F500F62C33}"
EndProject
Project("{FAE04EC0-301F-11D3-BF4B-00C04F79EFBC}") = "Domain", "src\Domain\Domain.csproj", "{A66B424D-096F-4B99-B454-E47920B80CA9}"
EndProject
Project("{FAE04EC0-301F-11D3-BF4B-00C04F79EFBC}") = "Infrastructure", "src\Infrastructure\Infrastructure.csproj", "{CF6BB77F-80F7-4C9E-BA02-AA57C539D8DA}"
EndProject
Project("{2150E333-8FDC-42A3-9474-1A3956D46DE8}") = "tests", "tests", "{0AB3BF05-4346-4AA6-1389-037BE0695223}"
EndProject
Project("{FAE04EC0-301F-11D3-BF4B-00C04F79EFBC}") = "Domain.UnitTests", "tests\Domain.UnitTests\Domain.UnitTests.csproj", "{EECB3D35-E06B-4E68-AD2A-573B260D330B}"
EndProject
Project("{FAE04EC0-301F-11D3-BF4B-00C04F79EFBC}") = "Application.UnitTests", "tests\Application.UnitTests\Application.UnitTests.csproj", "{0AA0CF35-2E18-4149-AD40-45166809E935}"
EndProject
Global
	GlobalSection(SolutionConfigurationPlatforms) = preSolution
		Debug|Any CPU = Debug|Any CPU
		Debug|x64 = Debug|x64
		Debug|x86 = Debug|x86
		Release|Any CPU = Release|Any CPU
		Release|x64 = Release|x64
		Release|x86 = Release|x86
	EndGlobalSection
	GlobalSection(ProjectConfigurationPlatforms) = postSolution
		{770ACAFA-D723-46FB-BFBD-A233AA1A43AA}.Debug|Any CPU.ActiveCfg = Debug|Any CPU
		{770ACAFA-D723-46FB-BFBD-A233AA1A43AA}.Debug|Any CPU.Build.0 = Debug|Any CPU
		{770ACAFA-D723-46FB-BFBD-A233AA1A43AA}.Debug|x64.ActiveCfg = Debug|Any CPU
		{770ACAFA-D723-46FB-BFBD-A233AA1A43AA}.Debug|x64.Build.0 = Debug|Any CPU
		{770ACAFA-D723-46FB-BFBD-A233AA1A43AA}.Debug|x86.ActiveCfg = Debug|Any CPU
		{770ACAFA-D723-46FB-BFBD-A233AA1A43AA}.Debug|x86.Build.0 = Debug|Any CPU
		{770ACAFA-D723-46FB-BFBD-A233AA1A43AA}.Release|Any CPU.ActiveCfg = Release|Any CPU
		{770ACAFA-D723-46FB-BFBD-A233AA1A43AA}.Release|Any CPU.Build.0 = Release|Any CPU
		{770ACAFA-D723-46FB-BFBD-A233AA1A43AA}.Release|x64.ActiveCfg = Release|Any CPU
		{770ACAFA-D723-46FB-BFBD-A233AA1A43AA}.Release|x64.Build.0 = Release|Any CPU
		{770ACAFA-D723-46FB-BFBD-A233AA1A43AA}.Release|x86.ActiveCfg = Release|Any CPU
		{770ACAFA-D723-46FB-BFBD-A233AA1A43AA}.Release|x86.Build.0 = Release|Any CPU
		{31179ECF-2B68-4211-A439-59F500F62C33}.Debug|Any CPU.ActiveCfg = Debug|Any CPU
		{31179ECF-2B68-4211-A439-59F500F62C33}.Debug|Any CPU.Build.0 = Debug|Any CPU
		{31179ECF-2B68-4211-A439-59F500F62C33}.Debug|x64.ActiveCfg = Debug|Any CPU
		{31179ECF-2B68-4211-A439-59F500F62C33}.Debug|x64.Build.0 = Debug|Any CPU
		{31179ECF-2B68-4211-A439-59F500F62C33}.Debug|x86.ActiveCfg = Debug|Any CPU
		{31179ECF-2B68-4211-A439-59F500F62C33}.Debug|x86.Build.0 = Debug|Any CPU
		{31179ECF-2B68-4211-A439-59F500F62C33}.Release|Any CPU.ActiveCfg = Release|Any CPU
		{31179ECF-2B68-4211-A439-59F500F62C33}.Release|Any CPU.Build.0 = Release|Any CPU
		{31179ECF-2B68-4211-A439-59F500F62C33}.Release|x64.ActiveCfg = Release|Any CPU
		{31179ECF-2B68-4211-A439-59F500F62C33}.Release|x64.Build.0 = Release|Any CPU
		{31179ECF-2B68-4211-A439-59F500F62C33}.Release|x86.ActiveCfg = Release|Any CPU
		{31179ECF-2B68-4211-A439-59F500F62C33}.Release|x86.Build.0 = Release|Any CPU
		{A66B424D-096F-4B99-B454-E47920B80CA9}.Debug|Any CPU.ActiveCfg = Debug|Any CPU
		{A66B424D-096F-4B99-B454-E47920B80CA9}.Debug|Any CPU.Build.0 = Debug|Any CPU
		{A66B424D-096F-4B99-B454-E47920B80CA9}.Debug|x64.ActiveCfg = Debug|Any CPU
		{A66B424D-096F-4B99-B454-E47920B80CA9}.Debug|x64.Build.0 = Debug|Any CPU
		{A66B424D-096F-4B99-B454-E47920B80CA9}.Debug|x86.ActiveCfg = Debug|Any CPU
		{A66B424D-096F-4B99-B454-E47920B80CA9}.Debug|x86.Build.0 = Debug|Any CPU
		{A66B424D-096F-4B99-B454-E47920B80CA9}.Release|Any CPU.ActiveCfg = Release|Any CPU
		{A66B424D-096F-4B99-B454-E47920B80CA9}.Release|Any CPU.Build.0 = Release|Any CPU
		{A66B424D-096F-4B99-B454-E47920B80CA9}.Release|x64.ActiveCfg = Release|Any CPU
		{A66B424D-096F-4B99-B454-E47920B80CA9}.Release|x64.Build.0 = Release|Any CPU
		{A66B424D-096F-4B99-B454-E47920B80CA9}.Release|x86.ActiveCfg = Release|Any CPU
		{A66B424D-096F-4B99-B454-E47920B80CA9}.Release|x86.Build.0 = Release|Any CPU
		{CF6BB77F-80F7-4C9E-BA02-AA57C539D8DA}.Debug|Any CPU.ActiveCfg = Debug|Any CPU
		{CF6BB77F-80F7-4C9E-BA02-AA57C539D8DA}.Debug|Any CPU.Build.0 = Debug|Any CPU
		{CF6BB77F-80F7-4C9E-BA02-AA57C539D8DA}.Debug|x64.ActiveCfg = Debug|Any CPU
		{CF6BB77F-80F7-4C9E-BA02-AA57C539D8DA}.Debug|x64.Build.0 = Debug|Any CPU
		{CF6BB77F-80F7-4C9E-BA02-AA57C539D8DA}.Debug|x86.ActiveCfg = Debug|Any CPU
		{CF6BB77F-80F7-4C9E-BA02-AA57C539D8DA}.Debug|x86.Build.0 = Debug|Any CPU
		{CF6BB77F-80F7-4C9E-BA02-AA57C539D8DA}.Release|Any CPU.ActiveCfg = Release|Any CPU
		{CF6BB77F-80F7-4C9E-BA02-AA57C539D8DA}.Release|Any CPU.Build.0 = Release|Any CPU
		{CF6BB77F-80F7-4C9E-BA02-AA57C539D8DA}.Release|x64.ActiveCfg = Release|Any CPU
		{CF6BB77F-80F7-4C9E-BA02-AA57C539D8DA}.Release|x64.Build.0 = Release|Any CPU
		{CF6BB77F-80F7-4C9E-BA02-AA57C539D8DA}.Release|x86.ActiveCfg = Release|Any CPU
		{CF6BB77F-80F7-4C9E-BA02-AA57C539D8DA}.Release|x86.Build.0 = Release|Any CPU
		{EECB3D35-E06B-4E68-AD2A-573B260D330B}.Debug|Any CPU.ActiveCfg = Debug|Any CPU
		{EECB3D35-E06B-4E68-AD2A-573B260D330B}.Debug|Any CPU.Build.0 = Debug|Any CPU
		{EECB3D35-E06B-4E68-AD2A-573B260D330B}.Debug|x64.ActiveCfg = Debug|Any CPU
		{EECB3D35-E06B-4E68-AD2A-573B260D330B}.Debug|x64.Build.0 = Debug|Any CPU
		{EECB3D35-E06B-4E68-AD2A-573B260D330B}.Debug|x86.ActiveCfg = Debug|Any CPU
		{EECB3D35-E06B-4E68-AD2A-573B260D330B}.Debug|x86.Build.0 = Debug|Any CPU
		{EECB3D35-E06B-4E68-AD2A-573B260D330B}.Release|Any CPU.ActiveCfg = Release|Any CPU
		{EECB3D35-E06B-4E68-AD2A-573B260D330B}.Release|Any CPU.Build.0 = Release|Any CPU
		{EECB3D35-E06B-4E68-AD2A-573B260D330B}.Release|x64.ActiveCfg = Release|Any CPU
		{EECB3D35-E06B-4E68-AD2A-573B260D330B}.Release|x64.Build.0 = Release|Any CPU
		{EECB3D35-E06B-4E68-AD2A-573B260D330B}.Release|x86.ActiveCfg = Release|Any CPU
		{EECB3D35-E06B-4E68-AD2A-573B260D330B}.Release|x86.Build.0 = Release|Any CPU
		{0AA0CF35-2E18-4149-AD40-45166809E935}.Debug|Any CPU.ActiveCfg = Debug|Any CPU
		{0AA0CF35-2E18-4149-AD40-45166809E935}.Debug|Any CPU.Build.0 = Debug|Any CPU
		{0AA0CF35-2E18-4149-AD40-45166809E935}.Debug|x64.ActiveCfg = Debug|Any CPU
		{0AA0CF35-2E18-4149-AD40-45166809E935}.Debug|x64.Build.0 = Debug|Any CPU
		{0AA0CF35-2E18-4149-AD40-45166809E935}.Debug|x86.ActiveCfg = Debug|Any CPU
		{0AA0CF35-2E18-4149-AD40-45166809E935}.Debug|x86.Build.0 = Debug|Any CPU
		{0AA0CF35-2E18-4149-AD40-45166809E935}.Release|Any CPU.ActiveCfg = Release|Any CPU
		{0AA0CF35-2E18-4149-AD40-45166809E935}.Release|Any CPU.Build.0 = Release|Any CPU
		{0AA0CF35-2E18-4149-AD40-45166809E935}.Release|x64.ActiveCfg = Release|Any CPU
		{0AA0CF35-2E18-4149-AD40-45166809E935}.Release|x64.Build.0 = Release|Any CPU
		{0AA0CF35-2E18-4149-AD40-45166809E935}.Release|x86.ActiveCfg = Release|Any CPU
		{0AA0CF35-2E18-4149-AD40-45166809E935}.Release|x86.Build.0 = Release|Any CPU
	EndGlobalSection
	GlobalSection(SolutionProperties) = preSolution
		HideSolutionNode = FALSE
	EndGlobalSection
	GlobalSection(NestedProjects) = preSolution
		{770ACAFA-D723-46FB-BFBD-A233AA1A43AA} = {827E0CD3-B72D-47B6-A68D-7590B98EB39B}
		{31179ECF-2B68-4211-A439-59F500F62C33} = {827E0CD3-B72D-47B6-A68D-7590B98EB39B}
		{A66B424D-096F-4B99-B454-E47920B80CA9} = {827E0CD3-B72D-47B6-A68D-7590B98EB39B}
		{CF6BB77F-80F7-4C9E-BA02-AA57C539D8DA} = {827E0CD3-B72D-47B6-A68D-7590B98EB39B}
		{EECB3D35-E06B-4E68-AD2A-573B260D330B} = {0AB3BF05-4346-4AA6-1389-037BE0695223}
		{0AA0CF35-2E18-4149-AD40-45166809E935} = {0AB3BF05-4346-4AA6-1389-037BE0695223}
	EndGlobalSection
EndGlobal
